{
  "name": "gcs-console",
  "version": "1.1.0",
  "dependencies": {
    "express": {
      "version": "3.0.3",
      "dependencies": {
        "connect": {
          "version": "2.7.0",
          "dependencies": {
            "qs": {
              "version": "0.5.1"
            },
            "formidable": {
              "version": "1.0.11"
            },
            "bytes": {
              "version": "0.1.0"
            },
            "pause": {
              "version": "0.0.1"
            }
          }
        },
        "commander": {
          "version": "0.6.1"
        },
        "range-parser": {
          "version": "0.0.4"
        },
        "mkdirp": {
          "version": "0.3.3"
        },
        "cookie": {
          "version": "0.0.5"
        },
        "crc": {
          "version": "0.2.0"
        },
        "fresh": {
          "version": "0.1.0"
        },
        "methods": {
          "version": "0.0.1"
        },
        "send": {
          "version": "0.1.0",
          "dependencies": {
            "mime": {
              "version": "1.2.6"
            }
          }
        },
        "cookie-signature": {
          "version": "0.0.1"
        },
        "debug": {
          "version": "0.7.0"
        }
      }
    },
    "jade": {
      "version": "0.27.7",
      "dependencies": {
        "commander": {
          "version": "0.6.1"
        },
        "coffee-script": {
          "version": "1.4.0"
        }
      }
    },
    "awssum": {
      "version": "0.12.1",
      "dependencies": {
        "fmt": {
          "version": "0.4.0"
        },
        "xml2js": {
          "version": "0.1.14",
          "dependencies": {
            "sax": {
              "version": "0.4.2"
            }
          }
        },
        "dateformat": {
          "version": "1.0.3-1.2.3"
        },
        "xml": {
          "version": "0.0.7"
        },
        "data2xml": {
          "version": "0.4.0"
        },
        "passgen": {
          "version": "1.0.1",
          "dependencies": {
            "vows": {
              "version": "0.7.0",
              "dependencies": {
                "eyes": {
                  "version": "0.1.8"
                },
                "diff": {
                  "version": "1.0.4"
                }
              }
            }
          }
        }
      }
    },
    "underscore": {
      "version": "1.4.2"
    },
    "connect-flash": {
      "version": "0.1.0"
    },
    "mkdirp": {
      "version": "0.3.4"
    },
    "rimraf": {
      "version": "2.0.2",
      "dependencies": {
        "graceful-fs": {
          "version": "1.1.14"
        }
      }
    },
    "commander": {
      "version": "1.1.1",
      "dependencies": {
        "keypress": {
          "version": "0.1.0"
        }
      }
    },
    "chai": {
      "version": "1.3.0"
    },
    "mocha": {
      "version": "1.6.0",
      "dependencies": {
        "commander": {
          "version": "0.6.1"
        },
        "growl": {
          "version": "1.5.1"
        },
        "jade": {
          "version": "0.26.3",
          "dependencies": {
            "mkdirp": {
              "version": "0.3.0"
            }
          }
        },
        "diff": {
          "version": "1.0.2"
        },
        "debug": {
          "version": "0.7.0"
        },
        "mkdirp": {
          "version": "0.3.3"
        },
        "ms": {
          "version": "0.3.0"
        }
      }
    },
    "zombie": {
      "version": "2.0.0-alpha8",
      "dependencies": {
        "contextify": {
          "version": "0.1.3",
          "dependencies": {
            "bindings": {
              "version": "1.0.0"
            }
          }
        },
        "eventsource": {
          "version": "0.0.5"
        },
        "html5": {
          "version": "0.3.8",
          "dependencies": {
            "opts": {
              "version": "1.2.2"
            },
            "tap": {
              "version": "0.1.4",
              "dependencies": {
                "inherits": {
                  "version": "1.0.0"
                },
                "yamlish": {
                  "version": "0.0.2"
                },
                "slide": {
                  "version": "1.1.3"
                },
                "runforcover": {
                  "version": "0.0.2",
                  "dependencies": {
                    "bunker": {
                      "version": "0.1.2",
                      "dependencies": {
                        "burrito": {
                          "version": "0.2.12",
                          "dependencies": {
                            "traverse": {
                              "version": "0.5.2"
                            },
                            "uglify-js": {
                              "version": "1.1.1"
                            }
                          }
                        }
                      }
                    }
                  }
                }
              }
            },
            "bench": {
              "version": "0.3.4"
            },
            "async": {
              "version": "0.1.22"
            }
          }
        },
        "jsdom": {
          "version": "0.2.18",
          "dependencies": {
            "htmlparser": {
              "version": "1.7.6"
            },
            "cssom": {
              "version": "0.2.5"
            },
            "cssstyle": {
              "version": "0.2.3"
            }
          }
        },
        "mime": {
          "version": "1.2.7"
        },
        "ms": {
          "version": "0.3.0"
        },
        "q": {
          "version": "0.8.9"
        },
        "request": {
          "version": "2.11.4",
          "dependencies": {
            "form-data": {
              "version": "0.0.3",
              "dependencies": {
                "combined-stream": {
                  "version": "0.0.3",
                  "dependencies": {
                    "delayed-stream": {
                      "version": "0.0.5"
                    }
                  }
                },
                "async": {
                  "version": "0.1.9"
                }
              }
            },
            "mime": {
              "version": "1.2.7"
            }
          }
        },
        "tough-cookie": {
          "version": "0.9.14",
          "dependencies": {
            "punycode": {
              "version": "1.2.0"
            }
          }
        },
        "ws": {
          "version": "0.4.22",
          "dependencies": {
            "commander": {
              "version": "0.6.1"
            },
            "tinycolor": {
              "version": "0.0.1"
            },
            "options": {
              "version": "0.0.3"
            }
          }
        }
      }
    }
  }
}
